
Microsoft Visual Studio Solution File, Format Version 12.00
# Visual Studio Version 16
VisualStudioVersion = 16.0.31410.357
MinimumVisualStudioVersion = 10.0.40219.1
Project("{FAE04EC0-301F-11D3-BF4B-00C04F79EFBC}") = "RecipeManager", "RecipeManager\RecipeManager.csproj", "{D3D63CF0-827A-4468-B4CC-0576D8AE861D}"
EndProject
Project("{FAE04EC0-301F-11D3-BF4B-00C04F79EFBC}") = "RecipeManagerUnitTest", "RecipeManagerUnitTest\RecipeManagerUnitTest.csproj", "{14D41C8B-258F-4CCA-BF6B-FBFE1F742F80}"
	ProjectSection(ProjectDependencies) = postProject
		{D3D63CF0-827A-4468-B4CC-0576D8AE861D} = {D3D63CF0-827A-4468-B4CC-0576D8AE861D}
	EndProjectSection
EndProject
Global
	GlobalSection(SolutionConfigurationPlatforms) = preSolution
		Debug|Any CPU = Debug|Any CPU
		Release|Any CPU = Release|Any CPU
	EndGlobalSection
	GlobalSection(ProjectConfigurationPlatforms) = postSolution
		{D3D63CF0-827A-4468-B4CC-0576D8AE861D}.Debug|Any CPU.ActiveCfg = Debug|Any CPU
		{D3D63CF0-827A-4468-B4CC-0576D8AE861D}.Debug|Any CPU.Build.0 = Debug|Any CPU
		{D3D63CF0-827A-4468-B4CC-0576D8AE861D}.Release|Any CPU.ActiveCfg = Release|Any CPU
		{D3D63CF0-827A-4468-B4CC-0576D8AE861D}.Release|Any CPU.Build.0 = Release|Any CPU
		{14D41C8B-258F-4CCA-BF6B-FBFE1F742F80}.Debug|Any CPU.ActiveCfg = Debug|Any CPU
		{14D41C8B-258F-4CCA-BF6B-FBFE1F742F80}.Debug|Any CPU.Build.0 = Debug|Any CPU
		{14D41C8B-258F-4CCA-BF6B-FBFE1F742F80}.Release|Any CPU.ActiveCfg = Release|Any CPU
		{14D41C8B-258F-4CCA-BF6B-FBFE1F742F80}.Release|Any CPU.Build.0 = Release|Any CPU
	EndGlobalSection
	GlobalSection(SolutionProperties) = preSolution
		HideSolutionNode = FALSE
	EndGlobalSection
	GlobalSection(ExtensibilityGlobals) = postSolution
		SolutionGuid = {316BFC26-0E92-494C-A6CA-A80B92277D28}
	EndGlobalSection
EndGlobal
